
Microsoft Visual Studio Solution File, Format Version 12.00
# Visual Studio Version 16
VisualStudioVersion = 16.0.31424.327
MinimumVisualStudioVersion = 10.0.40219.1
Project("{FAE04EC0-301F-11D3-BF4B-00C04F79EFBC}") = "SystemProgrammingLesson4", "SystemProgrammingLesson4\SystemProgrammingLesson4.csproj", "{A123A05E-7CE9-4617-B5BB-F2D50C999113}"
EndProject
Global
	GlobalSection(SolutionConfigurationPlatforms) = preSolution
		Debug|Any CPU = Debug|Any CPU
		Release|Any CPU = Release|Any CPU
	EndGlobalSection
	GlobalSection(ProjectConfigurationPlatforms) = postSolution
		{A123A05E-7CE9-4617-B5BB-F2D50C999113}.Debug|Any CPU.ActiveCfg = Debug|Any CPU
		{A123A05E-7CE9-4617-B5BB-F2D50C999113}.Debug|Any CPU.Build.0 = Debug|Any CPU
		{A123A05E-7CE9-4617-B5BB-F2D50C999113}.Release|Any CPU.ActiveCfg = Release|Any CPU
		{A123A05E-7CE9-4617-B5BB-F2D50C999113}.Release|Any CPU.Build.0 = Release|Any CPU
	EndGlobalSection
	GlobalSection(SolutionProperties) = preSolution
		HideSolutionNode = FALSE
	EndGlobalSection
	GlobalSection(ExtensibilityGlobals) = postSolution
		SolutionGuid = {FDABB40D-310E-4F9C-AFFE-04AB30FA6206}
	EndGlobalSection
EndGlobal
